
Microsoft Visual Studio Solution File, Format Version 12.00
# Visual Studio Express 2012 for Windows Desktop
Project("{FAE04EC0-301F-11D3-BF4B-00C04F79EFBC}") = "Recuperatorio.Primer.Parcial", "Recuperatorio.Primer.Parcial\Recuperatorio.Primer.Parcial.csproj", "{98A1F1D7-08E3-4569-9930-0E58446E52F8}"
EndProject
Project("{FAE04EC0-301F-11D3-BF4B-00C04F79EFBC}") = "TestEstante", "TestEstante\TestEstante.csproj", "{1FCDB295-C9B2-418C-9467-7F04EE3DE493}"
EndProject
Project("{FAE04EC0-301F-11D3-BF4B-00C04F79EFBC}") = "FormEstante", "FormEstante\FormEstante.csproj", "{24D08E61-7A0C-4C99-9B09-06CF3B87899A}"
EndProject
Global
	GlobalSection(SolutionConfigurationPlatforms) = preSolution
		Debug|Any CPU = Debug|Any CPU
		Release|Any CPU = Release|Any CPU
	EndGlobalSection
	GlobalSection(ProjectConfigurationPlatforms) = postSolution
		{98A1F1D7-08E3-4569-9930-0E58446E52F8}.Debug|Any CPU.ActiveCfg = Debug|Any CPU
		{98A1F1D7-08E3-4569-9930-0E58446E52F8}.Debug|Any CPU.Build.0 = Debug|Any CPU
		{98A1F1D7-08E3-4569-9930-0E58446E52F8}.Release|Any CPU.ActiveCfg = Release|Any CPU
		{98A1F1D7-08E3-4569-9930-0E58446E52F8}.Release|Any CPU.Build.0 = Release|Any CPU
		{1FCDB295-C9B2-418C-9467-7F04EE3DE493}.Debug|Any CPU.ActiveCfg = Debug|Any CPU
		{1FCDB295-C9B2-418C-9467-7F04EE3DE493}.Debug|Any CPU.Build.0 = Debug|Any CPU
		{1FCDB295-C9B2-418C-9467-7F04EE3DE493}.Release|Any CPU.ActiveCfg = Release|Any CPU
		{1FCDB295-C9B2-418C-9467-7F04EE3DE493}.Release|Any CPU.Build.0 = Release|Any CPU
		{24D08E61-7A0C-4C99-9B09-06CF3B87899A}.Debug|Any CPU.ActiveCfg = Debug|Any CPU
		{24D08E61-7A0C-4C99-9B09-06CF3B87899A}.Debug|Any CPU.Build.0 = Debug|Any CPU
		{24D08E61-7A0C-4C99-9B09-06CF3B87899A}.Release|Any CPU.ActiveCfg = Release|Any CPU
		{24D08E61-7A0C-4C99-9B09-06CF3B87899A}.Release|Any CPU.Build.0 = Release|Any CPU
	EndGlobalSection
	GlobalSection(SolutionProperties) = preSolution
		HideSolutionNode = FALSE
	EndGlobalSection
EndGlobal
